
Microsoft Visual Studio Solution File, Format Version 12.00
# Visual Studio Version 17
VisualStudioVersion = 17.0.31903.59
MinimumVisualStudioVersion = 10.0.40219.1
Project("{2150E333-8FDC-42A3-9474-1A3956D46DE8}") = "src", "src", "{827E0CD3-B72D-47B6-A68D-7590B98EB39B}"
EndProject
Project("{FAE04EC0-301F-11D3-BF4B-00C04F79EFBC}") = "SSO.Host", "src\SSO.Host\SSO.Host.csproj", "{48A8D110-E9C3-43A8-BCD7-A8E137E530D8}"
EndProject
Project("{FAE04EC0-301F-11D3-BF4B-00C04F79EFBC}") = "SSO.Domain", "src\SSO.Domain\SSO.Domain.csproj", "{618E2542-012B-49EB-B0F0-BC901A8A0389}"
EndProject
Project("{FAE04EC0-301F-11D3-BF4B-00C04F79EFBC}") = "SSO.Application", "src\SSO.Application\SSO.Application.csproj", "{3B839C69-9807-4FFF-B174-1359B6EE0421}"
EndProject
Project("{FAE04EC0-301F-11D3-BF4B-00C04F79EFBC}") = "SSO.Infrastructure.QueryServices", "src\SSO.Infrastructure.QueryServices\SSO.Infrastructure.QueryServices.csproj", "{E5EFBB43-0E4C-468F-9DE7-B664902256C9}"
EndProject
Project("{FAE04EC0-301F-11D3-BF4B-00C04F79EFBC}") = "SSO.Infrastructure.Repository", "src\SSO.Infrastructure.Repository\SSO.Infrastructure.Repository.csproj", "{93C6301B-65B8-4B8E-BF45-27B512D81D24}"
EndProject
Project("{FAE04EC0-301F-11D3-BF4B-00C04F79EFBC}") = "SSO.Infrastructure.EntityFramework", "src\SSO.Infrastructure.EntityFramework\SSO.Infrastructure.EntityFramework.csproj", "{78EDFA5B-E278-4D04-852E-075164E17EB0}"
EndProject
Global
	GlobalSection(SolutionConfigurationPlatforms) = preSolution
		Debug|Any CPU = Debug|Any CPU
		Debug|x64 = Debug|x64
		Debug|x86 = Debug|x86
		Release|Any CPU = Release|Any CPU
		Release|x64 = Release|x64
		Release|x86 = Release|x86
	EndGlobalSection
	GlobalSection(ProjectConfigurationPlatforms) = postSolution
		{48A8D110-E9C3-43A8-BCD7-A8E137E530D8}.Debug|Any CPU.ActiveCfg = Debug|Any CPU
		{48A8D110-E9C3-43A8-BCD7-A8E137E530D8}.Debug|Any CPU.Build.0 = Debug|Any CPU
		{48A8D110-E9C3-43A8-BCD7-A8E137E530D8}.Debug|x64.ActiveCfg = Debug|Any CPU
		{48A8D110-E9C3-43A8-BCD7-A8E137E530D8}.Debug|x64.Build.0 = Debug|Any CPU
		{48A8D110-E9C3-43A8-BCD7-A8E137E530D8}.Debug|x86.ActiveCfg = Debug|Any CPU
		{48A8D110-E9C3-43A8-BCD7-A8E137E530D8}.Debug|x86.Build.0 = Debug|Any CPU
		{48A8D110-E9C3-43A8-BCD7-A8E137E530D8}.Release|Any CPU.ActiveCfg = Release|Any CPU
		{48A8D110-E9C3-43A8-BCD7-A8E137E530D8}.Release|Any CPU.Build.0 = Release|Any CPU
		{48A8D110-E9C3-43A8-BCD7-A8E137E530D8}.Release|x64.ActiveCfg = Release|Any CPU
		{48A8D110-E9C3-43A8-BCD7-A8E137E530D8}.Release|x64.Build.0 = Release|Any CPU
		{48A8D110-E9C3-43A8-BCD7-A8E137E530D8}.Release|x86.ActiveCfg = Release|Any CPU
		{48A8D110-E9C3-43A8-BCD7-A8E137E530D8}.Release|x86.Build.0 = Release|Any CPU
		{618E2542-012B-49EB-B0F0-BC901A8A0389}.Debug|Any CPU.ActiveCfg = Debug|Any CPU
		{618E2542-012B-49EB-B0F0-BC901A8A0389}.Debug|Any CPU.Build.0 = Debug|Any CPU
		{618E2542-012B-49EB-B0F0-BC901A8A0389}.Debug|x64.ActiveCfg = Debug|Any CPU
		{618E2542-012B-49EB-B0F0-BC901A8A0389}.Debug|x64.Build.0 = Debug|Any CPU
		{618E2542-012B-49EB-B0F0-BC901A8A0389}.Debug|x86.ActiveCfg = Debug|Any CPU
		{618E2542-012B-49EB-B0F0-BC901A8A0389}.Debug|x86.Build.0 = Debug|Any CPU
		{618E2542-012B-49EB-B0F0-BC901A8A0389}.Release|Any CPU.ActiveCfg = Release|Any CPU
		{618E2542-012B-49EB-B0F0-BC901A8A0389}.Release|Any CPU.Build.0 = Release|Any CPU
		{618E2542-012B-49EB-B0F0-BC901A8A0389}.Release|x64.ActiveCfg = Release|Any CPU
		{618E2542-012B-49EB-B0F0-BC901A8A0389}.Release|x64.Build.0 = Release|Any CPU
		{618E2542-012B-49EB-B0F0-BC901A8A0389}.Release|x86.ActiveCfg = Release|Any CPU
		{618E2542-012B-49EB-B0F0-BC901A8A0389}.Release|x86.Build.0 = Release|Any CPU
		{3B839C69-9807-4FFF-B174-1359B6EE0421}.Debug|Any CPU.ActiveCfg = Debug|Any CPU
		{3B839C69-9807-4FFF-B174-1359B6EE0421}.Debug|Any CPU.Build.0 = Debug|Any CPU
		{3B839C69-9807-4FFF-B174-1359B6EE0421}.Debug|x64.ActiveCfg = Debug|Any CPU
		{3B839C69-9807-4FFF-B174-1359B6EE0421}.Debug|x64.Build.0 = Debug|Any CPU
		{3B839C69-9807-4FFF-B174-1359B6EE0421}.Debug|x86.ActiveCfg = Debug|Any CPU
		{3B839C69-9807-4FFF-B174-1359B6EE0421}.Debug|x86.Build.0 = Debug|Any CPU
		{3B839C69-9807-4FFF-B174-1359B6EE0421}.Release|Any CPU.ActiveCfg = Release|Any CPU
		{3B839C69-9807-4FFF-B174-1359B6EE0421}.Release|Any CPU.Build.0 = Release|Any CPU
		{3B839C69-9807-4FFF-B174-1359B6EE0421}.Release|x64.ActiveCfg = Release|Any CPU
		{3B839C69-9807-4FFF-B174-1359B6EE0421}.Release|x64.Build.0 = Release|Any CPU
		{3B839C69-9807-4FFF-B174-1359B6EE0421}.Release|x86.ActiveCfg = Release|Any CPU
		{3B839C69-9807-4FFF-B174-1359B6EE0421}.Release|x86.Build.0 = Release|Any CPU
		{E5EFBB43-0E4C-468F-9DE7-B664902256C9}.Debug|Any CPU.ActiveCfg = Debug|Any CPU
		{E5EFBB43-0E4C-468F-9DE7-B664902256C9}.Debug|Any CPU.Build.0 = Debug|Any CPU
		{E5EFBB43-0E4C-468F-9DE7-B664902256C9}.Debug|x64.ActiveCfg = Debug|Any CPU
		{E5EFBB43-0E4C-468F-9DE7-B664902256C9}.Debug|x64.Build.0 = Debug|Any CPU
		{E5EFBB43-0E4C-468F-9DE7-B664902256C9}.Debug|x86.ActiveCfg = Debug|Any CPU
		{E5EFBB43-0E4C-468F-9DE7-B664902256C9}.Debug|x86.Build.0 = Debug|Any CPU
		{E5EFBB43-0E4C-468F-9DE7-B664902256C9}.Release|Any CPU.ActiveCfg = Release|Any CPU
		{E5EFBB43-0E4C-468F-9DE7-B664902256C9}.Release|Any CPU.Build.0 = Release|Any CPU
		{E5EFBB43-0E4C-468F-9DE7-B664902256C9}.Release|x64.ActiveCfg = Release|Any CPU
		{E5EFBB43-0E4C-468F-9DE7-B664902256C9}.Release|x64.Build.0 = Release|Any CPU
		{E5EFBB43-0E4C-468F-9DE7-B664902256C9}.Release|x86.ActiveCfg = Release|Any CPU
		{E5EFBB43-0E4C-468F-9DE7-B664902256C9}.Release|x86.Build.0 = Release|Any CPU
		{93C6301B-65B8-4B8E-BF45-27B512D81D24}.Debug|Any CPU.ActiveCfg = Debug|Any CPU
		{93C6301B-65B8-4B8E-BF45-27B512D81D24}.Debug|Any CPU.Build.0 = Debug|Any CPU
		{93C6301B-65B8-4B8E-BF45-27B512D81D24}.Debug|x64.ActiveCfg = Debug|Any CPU
		{93C6301B-65B8-4B8E-BF45-27B512D81D24}.Debug|x64.Build.0 = Debug|Any CPU
		{93C6301B-65B8-4B8E-BF45-27B512D81D24}.Debug|x86.ActiveCfg = Debug|Any CPU
		{93C6301B-65B8-4B8E-BF45-27B512D81D24}.Debug|x86.Build.0 = Debug|Any CPU
		{93C6301B-65B8-4B8E-BF45-27B512D81D24}.Release|Any CPU.ActiveCfg = Release|Any CPU
		{93C6301B-65B8-4B8E-BF45-27B512D81D24}.Release|Any CPU.Build.0 = Release|Any CPU
		{93C6301B-65B8-4B8E-BF45-27B512D81D24}.Release|x64.ActiveCfg = Release|Any CPU
		{93C6301B-65B8-4B8E-BF45-27B512D81D24}.Release|x64.Build.0 = Release|Any CPU
		{93C6301B-65B8-4B8E-BF45-27B512D81D24}.Release|x86.ActiveCfg = Release|Any CPU
		{93C6301B-65B8-4B8E-BF45-27B512D81D24}.Release|x86.Build.0 = Release|Any CPU
		{78EDFA5B-E278-4D04-852E-075164E17EB0}.Debug|Any CPU.ActiveCfg = Debug|Any CPU
		{78EDFA5B-E278-4D04-852E-075164E17EB0}.Debug|Any CPU.Build.0 = Debug|Any CPU
		{78EDFA5B-E278-4D04-852E-075164E17EB0}.Debug|x64.ActiveCfg = Debug|Any CPU
		{78EDFA5B-E278-4D04-852E-075164E17EB0}.Debug|x64.Build.0 = Debug|Any CPU
		{78EDFA5B-E278-4D04-852E-075164E17EB0}.Debug|x86.ActiveCfg = Debug|Any CPU
		{78EDFA5B-E278-4D04-852E-075164E17EB0}.Debug|x86.Build.0 = Debug|Any CPU
		{78EDFA5B-E278-4D04-852E-075164E17EB0}.Release|Any CPU.ActiveCfg = Release|Any CPU
		{78EDFA5B-E278-4D04-852E-075164E17EB0}.Release|Any CPU.Build.0 = Release|Any CPU
		{78EDFA5B-E278-4D04-852E-075164E17EB0}.Release|x64.ActiveCfg = Release|Any CPU
		{78EDFA5B-E278-4D04-852E-075164E17EB0}.Release|x64.Build.0 = Release|Any CPU
		{78EDFA5B-E278-4D04-852E-075164E17EB0}.Release|x86.ActiveCfg = Release|Any CPU
		{78EDFA5B-E278-4D04-852E-075164E17EB0}.Release|x86.Build.0 = Release|Any CPU
	EndGlobalSection
	GlobalSection(SolutionProperties) = preSolution
		HideSolutionNode = FALSE
	EndGlobalSection
	GlobalSection(NestedProjects) = preSolution
		{48A8D110-E9C3-43A8-BCD7-A8E137E530D8} = {827E0CD3-B72D-47B6-A68D-7590B98EB39B}
		{618E2542-012B-49EB-B0F0-BC901A8A0389} = {827E0CD3-B72D-47B6-A68D-7590B98EB39B}
		{3B839C69-9807-4FFF-B174-1359B6EE0421} = {827E0CD3-B72D-47B6-A68D-7590B98EB39B}
		{E5EFBB43-0E4C-468F-9DE7-B664902256C9} = {827E0CD3-B72D-47B6-A68D-7590B98EB39B}
		{93C6301B-65B8-4B8E-BF45-27B512D81D24} = {827E0CD3-B72D-47B6-A68D-7590B98EB39B}
		{78EDFA5B-E278-4D04-852E-075164E17EB0} = {827E0CD3-B72D-47B6-A68D-7590B98EB39B}
	EndGlobalSection
EndGlobal
